
Microsoft Visual Studio Solution File, Format Version 12.00
# Visual Studio Version 16
VisualStudioVersion = 16.0.31205.134
MinimumVisualStudioVersion = 10.0.40219.1
Project("{FAE04EC0-301F-11D3-BF4B-00C04F79EFBC}") = "GradeTracker", "GradeTracker\GradeTracker.csproj", "{6B68507F-3B42-411E-94C3-6C3914B90916}"
EndProject
Global
	GlobalSection(SolutionConfigurationPlatforms) = preSolution
		Debug|Any CPU = Debug|Any CPU
		Release|Any CPU = Release|Any CPU
	EndGlobalSection
	GlobalSection(ProjectConfigurationPlatforms) = postSolution
		{6B68507F-3B42-411E-94C3-6C3914B90916}.Debug|Any CPU.ActiveCfg = Debug|Any CPU
		{6B68507F-3B42-411E-94C3-6C3914B90916}.Debug|Any CPU.Build.0 = Debug|Any CPU
		{6B68507F-3B42-411E-94C3-6C3914B90916}.Release|Any CPU.ActiveCfg = Release|Any CPU
		{6B68507F-3B42-411E-94C3-6C3914B90916}.Release|Any CPU.Build.0 = Release|Any CPU
	EndGlobalSection
	GlobalSection(SolutionProperties) = preSolution
		HideSolutionNode = FALSE
	EndGlobalSection
	GlobalSection(ExtensibilityGlobals) = postSolution
		SolutionGuid = {08FE871F-6622-4EFD-AE3D-188A27815192}
	EndGlobalSection
EndGlobal
